
Microsoft Visual Studio Solution File, Format Version 12.00
# Visual Studio Version 16
VisualStudioVersion = 16.0.31129.286
MinimumVisualStudioVersion = 10.0.40219.1
Project("{9A19103F-16F7-4668-BE54-9A1E7A4F7556}") = "HeroUnit.Code", "HeroUnit.Code\HeroUnit.Code.csproj", "{3B9C12D2-53C9-4CB4-8646-B0730C67E411}"
EndProject
Project("{FAE04EC0-301F-11D3-BF4B-00C04F79EFBC}") = "HeroUnit.CodeTest", "HeroUnit.CodeTest\HeroUnit.CodeTest.csproj", "{1F857386-4262-4058-9336-4D10A86C65DB}"
EndProject
Global
	GlobalSection(SolutionConfigurationPlatforms) = preSolution
		Debug|Any CPU = Debug|Any CPU
		Release|Any CPU = Release|Any CPU
	EndGlobalSection
	GlobalSection(ProjectConfigurationPlatforms) = postSolution
		{3B9C12D2-53C9-4CB4-8646-B0730C67E411}.Debug|Any CPU.ActiveCfg = Debug|Any CPU
		{3B9C12D2-53C9-4CB4-8646-B0730C67E411}.Debug|Any CPU.Build.0 = Debug|Any CPU
		{3B9C12D2-53C9-4CB4-8646-B0730C67E411}.Release|Any CPU.ActiveCfg = Release|Any CPU
		{3B9C12D2-53C9-4CB4-8646-B0730C67E411}.Release|Any CPU.Build.0 = Release|Any CPU
		{1F857386-4262-4058-9336-4D10A86C65DB}.Debug|Any CPU.ActiveCfg = Debug|Any CPU
		{1F857386-4262-4058-9336-4D10A86C65DB}.Debug|Any CPU.Build.0 = Debug|Any CPU
		{1F857386-4262-4058-9336-4D10A86C65DB}.Release|Any CPU.ActiveCfg = Release|Any CPU
		{1F857386-4262-4058-9336-4D10A86C65DB}.Release|Any CPU.Build.0 = Release|Any CPU
	EndGlobalSection
	GlobalSection(SolutionProperties) = preSolution
		HideSolutionNode = FALSE
	EndGlobalSection
	GlobalSection(ExtensibilityGlobals) = postSolution
		SolutionGuid = {7DBBBD58-6A6E-48A5-9313-39BFF2C4245A}
	EndGlobalSection
EndGlobal
